# THIS IS AN AUTOGENERATED FILE. DO NOT EDIT THIS FILE DIRECTLY.
# yarn lockfile v1


JSONStream@^1.0.7:
  version "1.3.5"
  resolved "https://registry.npm.taobao.org/JSONStream/download/JSONStream-1.3.5.tgz"
  dependencies:
    jsonparse "^1.2.0"
    through ">=2.2.7 <3"

a-sync-waterfall@^1.0.0:
  version "1.0.1"
  resolved "https://registry.npm.taobao.org/a-sync-waterfall/download/a-sync-waterfall-1.0.1.tgz"

abbrev@^1.1.1:
  version "1.1.1"
  resolved "https://registry.nlark.com/abbrev/download/abbrev-1.1.1.tgz"

accepts@~1.3.5:
  version "1.3.7"
  resolved "https://registry.nlark.com/accepts/download/accepts-1.3.7.tgz"
  dependencies:
    mime-types "~2.1.24"
    negotiator "0.6.2"

ansi-regex@^5.0.0:
  version "5.0.0"
  resolved "https://registry.nlark.com/ansi-regex/download/ansi-regex-5.0.0.tgz"

ansi-styles@^4.1.0:
  version "4.3.0"
  resolved "https://registry.nlark.com/ansi-styles/download/ansi-styles-4.3.0.tgz"
  dependencies:
    color-convert "^2.0.1"

anymatch@~3.1.2:
  version "3.1.2"
  resolved "https://registry.nlark.com/anymatch/download/anymatch-3.1.2.tgz"
  dependencies:
    normalize-path "^3.0.0"
    picomatch "^2.0.4"

archy@^1.0.0:
  version "1.0.0"
  resolved "https://registry.npm.taobao.org/archy/download/archy-1.0.0.tgz?cache=0&other_urls=https%3A%2F%2Fregistry.npm.taobao.org%2Farchy%2Fdownload%2Farchy-1.0.0.tgz"

argparse@^1.0.7:
  version "1.0.10"
  resolved "https://registry.nlark.com/argparse/download/argparse-1.0.10.tgz"
  dependencies:
    sprintf-js "~1.0.2"

argparse@^2.0.1:
  version "2.0.1"
  resolved "https://registry.nlark.com/argparse/download/argparse-2.0.1.tgz"

asap@^2.0.3:
  version "2.0.6"
  resolved "https://registry.nlark.com/asap/download/asap-2.0.6.tgz"

atob@^2.1.2:
  version "2.1.2"
  resolved "https://registry.nlark.com/atob/download/atob-2.1.2.tgz"

balanced-match@^1.0.0:
  version "1.0.2"
  resolved "https://registry.nlark.com/balanced-match/download/balanced-match-1.0.2.tgz"

basic-auth@~2.0.1:
  version "2.0.1"
  resolved "https://registry.npm.taobao.org/basic-auth/download/basic-auth-2.0.1.tgz"
  dependencies:
    safe-buffer "5.1.2"

binary-extensions@^2.0.0:
  version "2.2.0"
  resolved "https://registry.npm.taobao.org/binary-extensions/download/binary-extensions-2.2.0.tgz?cache=0&sync_timestamp=1610299268308&other_urls=https%3A%2F%2Fregistry.npm.taobao.org%2Fbinary-extensions%2Fdownload%2Fbinary-extensions-2.2.0.tgz"

bluebird@^3.2.2, bluebird@^3.5.0, bluebird@^3.5.1, bluebird@^3.5.2, bluebird@^3.5.5:
  version "3.7.2"
  resolved "https://registry.nlark.com/bluebird/download/bluebird-3.7.2.tgz"

brace-expansion@^1.1.7:
  version "1.1.11"
  resolved "https://registry.npm.taobao.org/brace-expansion/download/brace-expansion-1.1.11.tgz"
  dependencies:
    balanced-match "^1.0.0"
    concat-map "0.0.1"

braces@^3.0.1, braces@~3.0.2:
  version "3.0.2"
  resolved "https://registry.npm.taobao.org/braces/download/braces-3.0.2.tgz"
  dependencies:
    fill-range "^7.0.1"

bytes@3.0.0:
  version "3.0.0"
  resolved "https://registry.nlark.com/bytes/download/bytes-3.0.0.tgz"

camel-case@^4.0.0:
  version "4.1.2"
  resolved "https://registry.npm.taobao.org/camel-case/download/camel-case-4.1.2.tgz"
  dependencies:
    pascal-case "^3.1.2"
    tslib "^2.0.3"

chalk@^4.0.0:
  version "4.1.2"
  resolved "https://registry.nlark.com/chalk/download/chalk-4.1.2.tgz?cache=0&sync_timestamp=1627646734234&other_urls=https%3A%2F%2Fregistry.nlark.com%2Fchalk%2Fdownload%2Fchalk-4.1.2.tgz"
  dependencies:
    ansi-styles "^4.1.0"
    supports-color "^7.1.0"

chokidar@^3.0.0:
  version "3.5.2"
  resolved "https://registry.nlark.com/chokidar/download/chokidar-3.5.2.tgz"
  dependencies:
    anymatch "~3.1.2"
    braces "~3.0.2"
    glob-parent "~5.1.2"
    is-binary-path "~2.1.0"
    is-glob "~4.0.1"
    normalize-path "~3.0.0"
    readdirp "~3.6.0"
  optionalDependencies:
    fsevents "~2.3.2"

color-convert@^2.0.1:
  version "2.0.1"
  resolved "https://registry.nlark.com/color-convert/download/color-convert-2.0.1.tgz"
  dependencies:
    color-name "~1.1.4"

color-name@~1.1.4:
  version "1.1.4"
  resolved "https://registry.npm.taobao.org/color-name/download/color-name-1.1.4.tgz"

command-exists@^1.2.8:
  version "1.2.9"
  resolved "https://registry.npm.taobao.org/command-exists/download/command-exists-1.2.9.tgz"

commander@^5.1.0:
  version "5.1.0"
  resolved "https://registry.nlark.com/commander/download/commander-5.1.0.tgz?cache=0&sync_timestamp=1627359190297&other_urls=https%3A%2F%2Fregistry.nlark.com%2Fcommander%2Fdownload%2Fcommander-5.1.0.tgz"

compressible@~2.0.16:
  version "2.0.18"
  resolved "https://registry.nlark.com/compressible/download/compressible-2.0.18.tgz"
  dependencies:
    mime-db ">= 1.43.0 < 2"

compression@^1.7.4:
  version "1.7.4"
  resolved "https://registry.nlark.com/compression/download/compression-1.7.4.tgz"
  dependencies:
    accepts "~1.3.5"
    bytes "3.0.0"
    compressible "~2.0.16"
    debug "2.6.9"
    on-headers "~1.0.2"
    safe-buffer "5.1.2"
    vary "~1.1.2"

concat-map@0.0.1:
  version "0.0.1"
  resolved "https://registry.npm.taobao.org/concat-map/download/concat-map-0.0.1.tgz"

connect@^3.7.0:
  version "3.7.0"
  resolved "https://registry.npm.taobao.org/connect/download/connect-3.7.0.tgz"
  dependencies:
    debug "2.6.9"
    finalhandler "1.1.2"
    parseurl "~1.3.3"
    utils-merge "1.0.1"

cross-spawn@^7.0.0:
  version "7.0.3"
  resolved "https://registry.nlark.com/cross-spawn/download/cross-spawn-7.0.3.tgz"
  dependencies:
    path-key "^3.1.0"
    shebang-command "^2.0.0"
    which "^2.0.1"

css@^3.0.0:
  version "3.0.0"
  resolved "https://registry.yarnpkg.com/css/-/css-3.0.0.tgz#4447a4d58fdd03367c516ca9f64ae365cee4aa5d"
  dependencies:
    inherits "^2.0.4"
    source-map "^0.6.1"
    source-map-resolve "^0.6.0"

cuid@^2.1.4:
  version "2.1.8"
  resolved "https://registry.nlark.com/cuid/download/cuid-2.1.8.tgz"

debug@2.6.9:
  version "2.6.9"
  resolved "https://registry.nlark.com/debug/download/debug-2.6.9.tgz?cache=0&sync_timestamp=1625374675284&other_urls=https%3A%2F%2Fregistry.nlark.com%2Fdebug%2Fdownload%2Fdebug-2.6.9.tgz"
  dependencies:
    ms "2.0.0"

debug@^4.3.2:
  version "4.3.4"
  resolved "https://registry.yarnpkg.com/debug/-/debug-4.3.4.tgz#1319f6579357f2338d3337d2cdd4914bb5dcc865"
  dependencies:
    ms "2.1.2"

decode-uri-component@^0.2.0:
  version "0.2.0"
  resolved "https://registry.nlark.com/decode-uri-component/download/decode-uri-component-0.2.0.tgz"

deepmerge@^4.2.2:
  version "4.2.2"
  resolved "https://registry.nlark.com/deepmerge/download/deepmerge-4.2.2.tgz"

depd@~1.1.2:
  version "1.1.2"
  resolved "https://registry.nlark.com/depd/download/depd-1.1.2.tgz"

depd@~2.0.0:
  version "2.0.0"
  resolved "https://registry.nlark.com/depd/download/depd-2.0.0.tgz"

destroy@~1.0.4:
  version "1.0.4"
  resolved "https://registry.npm.taobao.org/destroy/download/destroy-1.0.4.tgz"

dom-serializer@^1.0.1:
  version "1.3.2"
  resolved "https://registry.nlark.com/dom-serializer/download/dom-serializer-1.3.2.tgz?cache=0&sync_timestamp=1621256858583&other_urls=https%3A%2F%2Fregistry.nlark.com%2Fdom-serializer%2Fdownload%2Fdom-serializer-1.3.2.tgz"
  dependencies:
    domelementtype "^2.0.1"
    domhandler "^4.2.0"
    entities "^2.0.0"

domelementtype@^2.0.1, domelementtype@^2.2.0:
  version "2.2.0"
  resolved "https://registry.npm.taobao.org/domelementtype/download/domelementtype-2.2.0.tgz?cache=0&sync_timestamp=1617298545989&other_urls=https%3A%2F%2Fregistry.npm.taobao.org%2Fdomelementtype%2Fdownload%2Fdomelementtype-2.2.0.tgz"

domhandler@^4.0.0, domhandler@^4.2.0:
  version "4.2.0"
  resolved "https://registry.npm.taobao.org/domhandler/download/domhandler-4.2.0.tgz?cache=0&sync_timestamp=1618563983578&other_urls=https%3A%2F%2Fregistry.npm.taobao.org%2Fdomhandler%2Fdownload%2Fdomhandler-4.2.0.tgz"
  dependencies:
    domelementtype "^2.2.0"

domutils@^2.5.2:
  version "2.7.0"
  resolved "https://registry.nlark.com/domutils/download/domutils-2.7.0.tgz?cache=0&other_urls=https%3A%2F%2Fregistry.nlark.com%2Fdomutils%2Fdownload%2Fdomutils-2.7.0.tgz"
  dependencies:
    dom-serializer "^1.0.1"
    domelementtype "^2.2.0"
    domhandler "^4.2.0"

ee-first@1.1.1:
  version "1.1.1"
  resolved "https://registry.npm.taobao.org/ee-first/download/ee-first-1.1.1.tgz"

ejs@^2.6.1:
  version "2.7.4"
  resolved "https://registry.npm.taobao.org/ejs/download/ejs-2.7.4.tgz"

encodeurl@~1.0.2:
  version "1.0.2"
  resolved "https://registry.npm.taobao.org/encodeurl/download/encodeurl-1.0.2.tgz"

entities@^2.0.0:
  version "2.2.0"
  resolved "https://registry.nlark.com/entities/download/entities-2.2.0.tgz"

escape-html@~1.0.3:
  version "1.0.3"
  resolved "https://registry.nlark.com/escape-html/download/escape-html-1.0.3.tgz"

esprima@^4.0.0:
  version "4.0.1"
  resolved "https://registry.npm.taobao.org/esprima/download/esprima-4.0.1.tgz"

etag@~1.8.1:
  version "1.8.1"
  resolved "https://registry.nlark.com/etag/download/etag-1.8.1.tgz"

fast-equals@^2.0.1:
  version "2.0.4"
  resolved "https://registry.npmjs.org/fast-equals/-/fast-equals-2.0.4.tgz"

fill-range@^7.0.1:
  version "7.0.1"
  resolved "https://registry.nlark.com/fill-range/download/fill-range-7.0.1.tgz"
  dependencies:
    to-regex-range "^5.0.1"

finalhandler@1.1.2:
  version "1.1.2"
  resolved "https://registry.nlark.com/finalhandler/download/finalhandler-1.1.2.tgz"
  dependencies:
    debug "2.6.9"
    encodeurl "~1.0.2"
    escape-html "~1.0.3"
    on-finished "~2.3.0"
    parseurl "~1.3.3"
    statuses "~1.5.0"
    unpipe "~1.0.0"

fresh@0.5.2:
  version "0.5.2"
  resolved "https://registry.npm.taobao.org/fresh/download/fresh-0.5.2.tgz"

fs.realpath@^1.0.0:
  version "1.0.0"
  resolved "https://registry.nlark.com/fs.realpath/download/fs.realpath-1.0.0.tgz"

fsevents@~2.3.2:
  version "2.3.2"
  resolved "https://registry.yarnpkg.com/fsevents/-/fsevents-2.3.2.tgz#8a526f78b8fdf4623b709e0b975c52c24c02fd1a"

function-bind@^1.1.1:
  version "1.1.1"
  resolved "https://registry.npm.taobao.org/function-bind/download/function-bind-1.1.1.tgz"

glob-parent@~5.1.2:
  version "5.1.2"
  resolved "https://registry.nlark.com/glob-parent/download/glob-parent-5.1.2.tgz?cache=0&sync_timestamp=1626760200164&other_urls=https%3A%2F%2Fregistry.nlark.com%2Fglob-parent%2Fdownload%2Fglob-parent-5.1.2.tgz"
  dependencies:
    is-glob "^4.0.1"

glob@^7.1.6:
  version "7.1.7"
  resolved "https://registry.nlark.com/glob/download/glob-7.1.7.tgz?cache=0&sync_timestamp=1620337382269&other_urls=https%3A%2F%2Fregistry.nlark.com%2Fglob%2Fdownload%2Fglob-7.1.7.tgz"
  dependencies:
    fs.realpath "^1.0.0"
    inflight "^1.0.4"
    inherits "2"
    minimatch "^3.0.4"
    once "^1.3.0"
    path-is-absolute "^1.0.0"

graceful-fs@^4.1.11, graceful-fs@^4.1.3:
  version "4.2.8"
  resolved "https://registry.nlark.com/graceful-fs/download/graceful-fs-4.2.8.tgz?cache=0&sync_timestamp=1628194007768&other_urls=https%3A%2F%2Fregistry.nlark.com%2Fgraceful-fs%2Fdownload%2Fgraceful-fs-4.2.8.tgz"

has-flag@^4.0.0:
  version "4.0.0"
  resolved "https://registry.nlark.com/has-flag/download/has-flag-4.0.0.tgz"

has@^1.0.3:
  version "1.0.3"
  resolved "https://registry.nlark.com/has/download/has-1.0.3.tgz"
  dependencies:
    function-bind "^1.1.1"

hexo-cli@^4.0.0, hexo-cli@^4.3.0:
  version "4.3.0"
  resolved "https://registry.nlark.com/hexo-cli/download/hexo-cli-4.3.0.tgz"
  dependencies:
    abbrev "^1.1.1"
    bluebird "^3.5.5"
    chalk "^4.0.0"
    command-exists "^1.2.8"
    hexo-fs "^3.0.1"
    hexo-log "^2.0.0"
    hexo-util "^2.0.0"
    minimist "^1.2.5"
    resolve "^1.11.0"
    tildify "^2.0.0"

hexo-deployer-git@^3.0.0:
  version "3.0.0"
  resolved "https://registry.npm.taobao.org/hexo-deployer-git/download/hexo-deployer-git-3.0.0.tgz"
  dependencies:
    bluebird "^3.5.0"
    chalk "^4.0.0"
    hexo-fs "^3.0.1"
    hexo-util "^2.1.0"
    moment "^2.18.0"
    nunjucks "^3.2.1"

hexo-front-matter@^2.0.0:
  version "2.0.0"
  resolved "https://registry.nlark.com/hexo-front-matter/download/hexo-front-matter-2.0.0.tgz"
  dependencies:
    js-yaml "^3.13.1"

hexo-fs@^3.0.1, hexo-fs@^3.1.0:
  version "3.1.0"
  resolved "https://registry.npm.taobao.org/hexo-fs/download/hexo-fs-3.1.0.tgz"
  dependencies:
    bluebird "^3.5.1"
    chokidar "^3.0.0"
    graceful-fs "^4.1.11"
    hexo-util "^2.0.0"

hexo-generator-archive@^1.0.0:
  version "1.0.0"
  resolved "https://registry.nlark.com/hexo-generator-archive/download/hexo-generator-archive-1.0.0.tgz"
  dependencies:
    hexo-pagination "1.0.0"

hexo-generator-category@^1.0.0:
  version "1.0.0"
  resolved "https://registry.nlark.com/hexo-generator-category/download/hexo-generator-category-1.0.0.tgz"
  dependencies:
    hexo-pagination "1.0.0"

hexo-generator-index@^2.0.0:
  version "2.0.0"
  resolved "https://registry.nlark.com/hexo-generator-index/download/hexo-generator-index-2.0.0.tgz"
  dependencies:
    hexo-pagination "1.0.0"
    timsort "^0.3.0"

hexo-generator-tag@^1.0.0:
  version "1.0.0"
  resolved "https://registry.nlark.com/hexo-generator-tag/download/hexo-generator-tag-1.0.0.tgz"
  dependencies:
    hexo-pagination "1.0.0"

hexo-i18n@^1.0.0:
  version "1.0.0"
  resolved "https://registry.npm.taobao.org/hexo-i18n/download/hexo-i18n-1.0.0.tgz"
  dependencies:
    sprintf-js "^1.0.3"

hexo-log@^2.0.0:
  version "2.0.0"
  resolved "https://registry.nlark.com/hexo-log/download/hexo-log-2.0.0.tgz"
  dependencies:
    chalk "^4.0.0"

hexo-log@^3.0.0:
  version "3.0.0"
  resolved "https://registry.npmjs.org/hexo-log/-/hexo-log-3.0.0.tgz"
  dependencies:
    nanocolors "^0.2.12"

hexo-pagination@1.0.0:
  version "1.0.0"
  resolved "https://registry.nlark.com/hexo-pagination/download/hexo-pagination-1.0.0.tgz"

hexo-renderer-ejs@^1.0.0:
  version "1.0.0"
  resolved "https://registry.npm.taobao.org/hexo-renderer-ejs/download/hexo-renderer-ejs-1.0.0.tgz"
  dependencies:
    ejs "^2.6.1"

hexo-renderer-marked@^4.0.0:
  version "4.0.0"
  resolved "https://registry.npm.taobao.org/hexo-renderer-marked/download/hexo-renderer-marked-4.0.0.tgz"
  dependencies:
    hexo-util "^2.1.0"
    marked "^2.0.0"

hexo-renderer-stylus@^2.1.0:
  version "2.1.0"
  resolved "https://registry.yarnpkg.com/hexo-renderer-stylus/-/hexo-renderer-stylus-2.1.0.tgz#4cbae08d36c7390b791c2cc3df7c53c3ff615106"
  dependencies:
    nib "^1.2.0"
    stylus "^0.57.0"

hexo-server@^2.0.0:
  version "2.0.0"
  resolved "https://registry.nlark.com/hexo-server/download/hexo-server-2.0.0.tgz"
  dependencies:
    bluebird "^3.5.5"
    chalk "^4.0.0"
    compression "^1.7.4"
    connect "^3.7.0"
    mime "^2.4.3"
    morgan "^1.9.1"
    open "^7.0.0"
    serve-static "^1.14.1"

hexo-theme-landscape@^0.0.3:
  version "0.0.3"
  resolved "https://registry.nlark.com/hexo-theme-landscape/download/hexo-theme-landscape-0.0.3.tgz"

hexo-theme-next@^8.8.2:
  version "8.8.2"
  resolved "https://registry.npmmirror.com/hexo-theme-next/download/hexo-theme-next-8.8.2.tgz"

hexo-util@^2.0.0, hexo-util@^2.1.0, hexo-util@^2.4.0:
  version "2.5.0"
  resolved "https://registry.nlark.com/hexo-util/download/hexo-util-2.5.0.tgz"
  dependencies:
    bluebird "^3.5.2"
    camel-case "^4.0.0"
    cross-spawn "^7.0.0"
    deepmerge "^4.2.2"
    highlight.js "^10.7.1"
    htmlparser2 "^6.0.0"
    prismjs "^1.17.1"
    strip-indent "^3.0.0"

hexo@^6.0.0:
  version "6.0.0"
  resolved "https://registry.npmjs.org/hexo/-/hexo-6.0.0.tgz"
  dependencies:
    abbrev "^1.1.1"
    archy "^1.0.0"
    bluebird "^3.5.2"
    hexo-cli "^4.0.0"
    hexo-front-matter "^2.0.0"
    hexo-fs "^3.1.0"
    hexo-i18n "^1.0.0"
    hexo-log "^3.0.0"
    hexo-util "^2.4.0"
    js-yaml "^4.0.0"
    micromatch "^4.0.2"
    moize "^6.1.0"
    moment "^2.22.2"
    moment-timezone "^0.5.21"
    nunjucks "^3.2.1"
    picocolors "^1.0.0"
    pretty-hrtime "^1.0.3"
    resolve "^1.8.1"
    strip-ansi "^6.0.0"
    text-table "^0.2.0"
    tildify "^2.0.0"
    titlecase "^1.1.2"
    warehouse "^4.0.0"

highlight.js@^10.7.1:
  version "10.7.3"
  resolved "https://registry.nlark.com/highlight.js/download/highlight.js-10.7.3.tgz"

htmlparser2@^6.0.0:
  version "6.1.0"
  resolved "https://registry.nlark.com/htmlparser2/download/htmlparser2-6.1.0.tgz"
  dependencies:
    domelementtype "^2.0.1"
    domhandler "^4.0.0"
    domutils "^2.5.2"
    entities "^2.0.0"

http-errors@~1.7.2:
  version "1.7.3"
  resolved "https://registry.npm.taobao.org/http-errors/download/http-errors-1.7.3.tgz"
  dependencies:
    depd "~1.1.2"
    inherits "2.0.4"
    setprototypeof "1.1.1"
    statuses ">= 1.5.0 < 2"
    toidentifier "1.0.0"

inflight@^1.0.4:
  version "1.0.6"
  resolved "https://registry.nlark.com/inflight/download/inflight-1.0.6.tgz"
  dependencies:
    once "^1.3.0"
    wrappy "1"

inherits@2, inherits@2.0.4, inherits@^2.0.4:
  version "2.0.4"
  resolved "https://registry.npm.taobao.org/inherits/download/inherits-2.0.4.tgz"

is-binary-path@~2.1.0:
  version "2.1.0"
  resolved "https://registry.npm.taobao.org/is-binary-path/download/is-binary-path-2.1.0.tgz"
  dependencies:
    binary-extensions "^2.0.0"

is-core-module@^2.2.0:
  version "2.5.0"
  resolved "https://registry.nlark.com/is-core-module/download/is-core-module-2.5.0.tgz?cache=0&sync_timestamp=1626158736739&other_urls=https%3A%2F%2Fregistry.nlark.com%2Fis-core-module%2Fdownload%2Fis-core-module-2.5.0.tgz"
  dependencies:
    has "^1.0.3"

is-docker@^2.0.0:
  version "2.2.1"
  resolved "https://registry.npm.taobao.org/is-docker/download/is-docker-2.2.1.tgz?cache=0&sync_timestamp=1617958843085&other_urls=https%3A%2F%2Fregistry.npm.taobao.org%2Fis-docker%2Fdownload%2Fis-docker-2.2.1.tgz"

is-extglob@^2.1.1:
  version "2.1.1"
  resolved "https://registry.nlark.com/is-extglob/download/is-extglob-2.1.1.tgz"

is-glob@^4.0.1, is-glob@~4.0.1:
  version "4.0.1"
  resolved "https://registry.npm.taobao.org/is-glob/download/is-glob-4.0.1.tgz"
  dependencies:
    is-extglob "^2.1.1"

is-number@^7.0.0:
  version "7.0.0"
  resolved "https://registry.nlark.com/is-number/download/is-number-7.0.0.tgz"

is-plain-object@^3.0.0:
  version "3.0.1"
  resolved "https://registry.npm.taobao.org/is-plain-object/download/is-plain-object-3.0.1.tgz"

is-wsl@^2.1.1:
  version "2.2.0"
  resolved "https://registry.nlark.com/is-wsl/download/is-wsl-2.2.0.tgz"
  dependencies:
    is-docker "^2.0.0"

isexe@^2.0.0:
  version "2.0.0"
  resolved "https://registry.nlark.com/isexe/download/isexe-2.0.0.tgz"

js-yaml@^3.13.1:
  version "3.14.1"
  resolved "https://registry.nlark.com/js-yaml/download/js-yaml-3.14.1.tgz"
  dependencies:
    argparse "^1.0.7"
    esprima "^4.0.0"

js-yaml@^4.0.0:
  version "4.1.0"
  resolved "https://registry.nlark.com/js-yaml/download/js-yaml-4.1.0.tgz"
  dependencies:
    argparse "^2.0.1"

jsonparse@^1.2.0:
  version "1.3.1"
  resolved "https://registry.npm.taobao.org/jsonparse/download/jsonparse-1.3.1.tgz"

lower-case@^2.0.2:
  version "2.0.2"
  resolved "https://registry.nlark.com/lower-case/download/lower-case-2.0.2.tgz"
  dependencies:
    tslib "^2.0.3"

marked@^2.0.0:
  version "2.1.3"
  resolved "https://registry.nlark.com/marked/download/marked-2.1.3.tgz"

micro-memoize@^4.0.9:
  version "4.0.9"
  resolved "https://registry.npmjs.org/micro-memoize/-/micro-memoize-4.0.9.tgz"

micromatch@^4.0.2:
  version "4.0.4"
  resolved "https://registry.npm.taobao.org/micromatch/download/micromatch-4.0.4.tgz?cache=0&sync_timestamp=1618054740956&other_urls=https%3A%2F%2Fregistry.npm.taobao.org%2Fmicromatch%2Fdownload%2Fmicromatch-4.0.4.tgz"
  dependencies:
    braces "^3.0.1"
    picomatch "^2.2.3"

mime-db@1.49.0, "mime-db@>= 1.43.0 < 2":
  version "1.49.0"
  resolved "https://registry.nlark.com/mime-db/download/mime-db-1.49.0.tgz"

mime-types@~2.1.24:
  version "2.1.32"
  resolved "https://registry.nlark.com/mime-types/download/mime-types-2.1.32.tgz?cache=0&sync_timestamp=1627407819001&other_urls=https%3A%2F%2Fregistry.nlark.com%2Fmime-types%2Fdownload%2Fmime-types-2.1.32.tgz"
  dependencies:
    mime-db "1.49.0"

mime@1.6.0:
  version "1.6.0"
  resolved "https://registry.nlark.com/mime/download/mime-1.6.0.tgz"

mime@^2.4.3:
  version "2.5.2"
  resolved "https://registry.nlark.com/mime/download/mime-2.5.2.tgz"

min-indent@^1.0.0:
  version "1.0.1"
  resolved "https://registry.npm.taobao.org/min-indent/download/min-indent-1.0.1.tgz"

minimatch@^3.0.4:
  version "3.0.4"
  resolved "https://registry.npm.taobao.org/minimatch/download/minimatch-3.0.4.tgz"
  dependencies:
    brace-expansion "^1.1.7"

minimist@^1.2.5:
  version "1.2.5"
  resolved "https://registry.npm.taobao.org/minimist/download/minimist-1.2.5.tgz"

moize@^6.1.0:
  version "6.1.0"
  resolved "https://registry.npmjs.org/moize/-/moize-6.1.0.tgz"
  dependencies:
    fast-equals "^2.0.1"
    micro-memoize "^4.0.9"

moment-timezone@^0.5.21:
  version "0.5.33"
  resolved "https://registry.npm.taobao.org/moment-timezone/download/moment-timezone-0.5.33.tgz?cache=0&sync_timestamp=1612595182581&other_urls=https%3A%2F%2Fregistry.npm.taobao.org%2Fmoment-timezone%2Fdownload%2Fmoment-timezone-0.5.33.tgz"
  dependencies:
    moment ">= 2.9.0"

"moment@>= 2.9.0", moment@^2.18.0, moment@^2.22.2:
  version "2.29.1"
  resolved "https://registry.nlark.com/moment/download/moment-2.29.1.tgz"

morgan@^1.9.1:
  version "1.10.0"
  resolved "https://registry.npm.taobao.org/morgan/download/morgan-1.10.0.tgz"
  dependencies:
    basic-auth "~2.0.1"
    debug "2.6.9"
    depd "~2.0.0"
    on-finished "~2.3.0"
    on-headers "~1.0.2"

ms@2.0.0:
  version "2.0.0"
  resolved "https://registry.npm.taobao.org/ms/download/ms-2.0.0.tgz?cache=0&sync_timestamp=1607433926553&other_urls=https%3A%2F%2Fregistry.npm.taobao.org%2Fms%2Fdownload%2Fms-2.0.0.tgz"

ms@2.1.1:
  version "2.1.1"
  resolved "https://registry.npm.taobao.org/ms/download/ms-2.1.1.tgz?cache=0&sync_timestamp=1607433926553&other_urls=https%3A%2F%2Fregistry.npm.taobao.org%2Fms%2Fdownload%2Fms-2.1.1.tgz"

ms@2.1.2:
  version "2.1.2"
  resolved "https://registry.npm.taobao.org/ms/download/ms-2.1.2.tgz?cache=0&sync_timestamp=1607433926553&other_urls=https%3A%2F%2Fregistry.npm.taobao.org%2Fms%2Fdownload%2Fms-2.1.2.tgz"

nanocolors@^0.2.12:
  version "0.2.13"
  resolved "https://registry.npmjs.org/nanocolors/-/nanocolors-0.2.13.tgz"

negotiator@0.6.2:
  version "0.6.2"
  resolved "https://registry.npm.taobao.org/negotiator/download/negotiator-0.6.2.tgz"

nib@^1.2.0:
  version "1.2.0"
  resolved "https://registry.yarnpkg.com/nib/-/nib-1.2.0.tgz#cf650a975307edaa8683470430f82ba132bf9f7b"

no-case@^3.0.4:
  version "3.0.4"
  resolved "https://registry.npm.taobao.org/no-case/download/no-case-3.0.4.tgz?cache=0&sync_timestamp=1606867290260&other_urls=https%3A%2F%2Fregistry.npm.taobao.org%2Fno-case%2Fdownload%2Fno-case-3.0.4.tgz"
  dependencies:
    lower-case "^2.0.2"
    tslib "^2.0.3"

normalize-path@^3.0.0, normalize-path@~3.0.0:
  version "3.0.0"
  resolved "https://registry.nlark.com/normalize-path/download/normalize-path-3.0.0.tgz"

nunjucks@^3.2.1:
  version "3.2.3"
  resolved "https://registry.npm.taobao.org/nunjucks/download/nunjucks-3.2.3.tgz"
  dependencies:
    a-sync-waterfall "^1.0.0"
    asap "^2.0.3"
    commander "^5.1.0"

on-finished@~2.3.0:
  version "2.3.0"
  resolved "https://registry.nlark.com/on-finished/download/on-finished-2.3.0.tgz"
  dependencies:
    ee-first "1.1.1"

on-headers@~1.0.2:
  version "1.0.2"
  resolved "https://registry.nlark.com/on-headers/download/on-headers-1.0.2.tgz"

once@^1.3.0:
  version "1.4.0"
  resolved "https://registry.nlark.com/once/download/once-1.4.0.tgz"
  dependencies:
    wrappy "1"

open@^7.0.0:
  version "7.4.2"
  resolved "https://registry.nlark.com/open/download/open-7.4.2.tgz?cache=0&other_urls=https%3A%2F%2Fregistry.nlark.com%2Fopen%2Fdownload%2Fopen-7.4.2.tgz"
  dependencies:
    is-docker "^2.0.0"
    is-wsl "^2.1.1"

parseurl@~1.3.3:
  version "1.3.3"
  resolved "https://registry.nlark.com/parseurl/download/parseurl-1.3.3.tgz"

pascal-case@^3.1.2:
  version "3.1.2"
  resolved "https://registry.npm.taobao.org/pascal-case/download/pascal-case-3.1.2.tgz?cache=0&sync_timestamp=1606867306970&other_urls=https%3A%2F%2Fregistry.npm.taobao.org%2Fpascal-case%2Fdownload%2Fpascal-case-3.1.2.tgz"
  dependencies:
    no-case "^3.0.4"
    tslib "^2.0.3"

path-is-absolute@^1.0.0:
  version "1.0.1"
  resolved "https://registry.npm.taobao.org/path-is-absolute/download/path-is-absolute-1.0.1.tgz"

path-key@^3.1.0:
  version "3.1.1"
  resolved "https://registry.npm.taobao.org/path-key/download/path-key-3.1.1.tgz?cache=0&sync_timestamp=1617971675964&other_urls=https%3A%2F%2Fregistry.npm.taobao.org%2Fpath-key%2Fdownload%2Fpath-key-3.1.1.tgz"

path-parse@^1.0.6:
  version "1.0.7"
  resolved "https://registry.nlark.com/path-parse/download/path-parse-1.0.7.tgz"

picocolors@^1.0.0:
  version "1.0.0"
  resolved "https://registry.npmjs.org/picocolors/-/picocolors-1.0.0.tgz"

picomatch@^2.0.4, picomatch@^2.2.1, picomatch@^2.2.3:
  version "2.3.0"
  resolved "https://registry.nlark.com/picomatch/download/picomatch-2.3.0.tgz"

pretty-hrtime@^1.0.3:
  version "1.0.3"
  resolved "https://registry.npm.taobao.org/pretty-hrtime/download/pretty-hrtime-1.0.3.tgz"

prismjs@^1.17.1:
  version "1.24.1"
  resolved "https://registry.nlark.com/prismjs/download/prismjs-1.24.1.tgz?cache=0&sync_timestamp=1625312963163&other_urls=https%3A%2F%2Fregistry.nlark.com%2Fprismjs%2Fdownload%2Fprismjs-1.24.1.tgz"

range-parser@~1.2.1:
  version "1.2.1"
  resolved "https://registry.npm.taobao.org/range-parser/download/range-parser-1.2.1.tgz"

readdirp@~3.6.0:
  version "3.6.0"
  resolved "https://registry.nlark.com/readdirp/download/readdirp-3.6.0.tgz"
  dependencies:
    picomatch "^2.2.1"

resolve@^1.11.0, resolve@^1.8.1:
  version "1.20.0"
  resolved "https://registry.nlark.com/resolve/download/resolve-1.20.0.tgz"
  dependencies:
    is-core-module "^2.2.0"
    path-parse "^1.0.6"

rfdc@^1.1.4:
  version "1.3.0"
  resolved "https://registry.npm.taobao.org/rfdc/download/rfdc-1.3.0.tgz"

safe-buffer@5.1.2:
  version "5.1.2"
  resolved "https://registry.npm.taobao.org/safe-buffer/download/safe-buffer-5.1.2.tgz"

safer-buffer@^2.1.2:
  version "2.1.2"
  resolved "https://registry.npm.taobao.org/safer-buffer/download/safer-buffer-2.1.2.tgz"

sax@~1.2.4:
  version "1.2.4"
  resolved "https://registry.nlark.com/sax/download/sax-1.2.4.tgz"

send@0.17.1:
  version "0.17.1"
  resolved "https://registry.npm.taobao.org/send/download/send-0.17.1.tgz"
  dependencies:
    debug "2.6.9"
    depd "~1.1.2"
    destroy "~1.0.4"
    encodeurl "~1.0.2"
    escape-html "~1.0.3"
    etag "~1.8.1"
    fresh "0.5.2"
    http-errors "~1.7.2"
    mime "1.6.0"
    ms "2.1.1"
    on-finished "~2.3.0"
    range-parser "~1.2.1"
    statuses "~1.5.0"

serve-static@^1.14.1:
  version "1.14.1"
  resolved "https://registry.nlark.com/serve-static/download/serve-static-1.14.1.tgz"
  dependencies:
    encodeurl "~1.0.2"
    escape-html "~1.0.3"
    parseurl "~1.3.3"
    send "0.17.1"

setprototypeof@1.1.1:
  version "1.1.1"
  resolved "https://registry.nlark.com/setprototypeof/download/setprototypeof-1.1.1.tgz"

shebang-command@^2.0.0:
  version "2.0.0"
  resolved "https://registry.nlark.com/shebang-command/download/shebang-command-2.0.0.tgz"
  dependencies:
    shebang-regex "^3.0.0"

shebang-regex@^3.0.0:
  version "3.0.0"
  resolved "https://registry.nlark.com/shebang-regex/download/shebang-regex-3.0.0.tgz?cache=0&sync_timestamp=1628896299850&other_urls=https%3A%2F%2Fregistry.nlark.com%2Fshebang-regex%2Fdownload%2Fshebang-regex-3.0.0.tgz"

source-map-resolve@^0.6.0:
  version "0.6.0"
  resolved "https://registry.yarnpkg.com/source-map-resolve/-/source-map-resolve-0.6.0.tgz#3d9df87e236b53f16d01e58150fc7711138e5ed2"
  dependencies:
    atob "^2.1.2"
    decode-uri-component "^0.2.0"

source-map@^0.6.1:
  version "0.6.1"
  resolved "https://registry.nlark.com/source-map/download/source-map-0.6.1.tgz"

source-map@^0.7.3:
  version "0.7.3"
  resolved "https://registry.nlark.com/source-map/download/source-map-0.7.3.tgz"

sprintf-js@^1.0.3:
  version "1.1.2"
  resolved "https://registry.npm.taobao.org/sprintf-js/download/sprintf-js-1.1.2.tgz"

sprintf-js@~1.0.2:
  version "1.0.3"
  resolved "https://registry.npm.taobao.org/sprintf-js/download/sprintf-js-1.0.3.tgz"

"statuses@>= 1.5.0 < 2", statuses@~1.5.0:
  version "1.5.0"
  resolved "https://registry.npm.taobao.org/statuses/download/statuses-1.5.0.tgz?cache=0&sync_timestamp=1609654060878&other_urls=https%3A%2F%2Fregistry.npm.taobao.org%2Fstatuses%2Fdownload%2Fstatuses-1.5.0.tgz"

strip-ansi@^6.0.0:
  version "6.0.0"
  resolved "https://registry.nlark.com/strip-ansi/download/strip-ansi-6.0.0.tgz"
  dependencies:
    ansi-regex "^5.0.0"

strip-indent@^3.0.0:
  version "3.0.0"
  resolved "https://registry.nlark.com/strip-indent/download/strip-indent-3.0.0.tgz?cache=0&sync_timestamp=1620053193242&other_urls=https%3A%2F%2Fregistry.nlark.com%2Fstrip-indent%2Fdownload%2Fstrip-indent-3.0.0.tgz"
  dependencies:
    min-indent "^1.0.0"

stylus@^0.57.0:
  version "0.57.0"
  resolved "https://registry.yarnpkg.com/stylus/-/stylus-0.57.0.tgz#a46f04f426c19ceef54abb1a9d189fd4e886df41"
  dependencies:
    css "^3.0.0"
    debug "^4.3.2"
    glob "^7.1.6"
    safer-buffer "^2.1.2"
    sax "~1.2.4"
    source-map "^0.7.3"

supports-color@^7.1.0:
  version "7.2.0"
  resolved "https://registry.nlark.com/supports-color/download/supports-color-7.2.0.tgz?cache=0&sync_timestamp=1626703414084&other_urls=https%3A%2F%2Fregistry.nlark.com%2Fsupports-color%2Fdownload%2Fsupports-color-7.2.0.tgz"
  dependencies:
    has-flag "^4.0.0"

text-table@^0.2.0:
  version "0.2.0"
  resolved "https://registry.nlark.com/text-table/download/text-table-0.2.0.tgz"

"through@>=2.2.7 <3":
  version "2.3.8"
  resolved "https://registry.npm.taobao.org/through/download/through-2.3.8.tgz"

tildify@^2.0.0:
  version "2.0.0"
  resolved "https://registry.nlark.com/tildify/download/tildify-2.0.0.tgz?cache=0&sync_timestamp=1628772956194&other_urls=https%3A%2F%2Fregistry.nlark.com%2Ftildify%2Fdownload%2Ftildify-2.0.0.tgz"

timsort@^0.3.0:
  version "0.3.0"
  resolved "https://registry.npm.taobao.org/timsort/download/timsort-0.3.0.tgz"

titlecase@^1.1.2:
  version "1.1.3"
  resolved "https://registry.npm.taobao.org/titlecase/download/titlecase-1.1.3.tgz"

to-regex-range@^5.0.1:
  version "5.0.1"
  resolved "https://registry.npm.taobao.org/to-regex-range/download/to-regex-range-5.0.1.tgz"
  dependencies:
    is-number "^7.0.0"

toidentifier@1.0.0:
  version "1.0.0"
  resolved "https://registry.nlark.com/toidentifier/download/toidentifier-1.0.0.tgz"

tslib@^2.0.3:
  version "2.3.1"
  resolved "https://registry.nlark.com/tslib/download/tslib-2.3.1.tgz?cache=0&sync_timestamp=1628722556410&other_urls=https%3A%2F%2Fregistry.nlark.com%2Ftslib%2Fdownload%2Ftslib-2.3.1.tgz"

unpipe@~1.0.0:
  version "1.0.0"
  resolved "https://registry.npm.taobao.org/unpipe/download/unpipe-1.0.0.tgz"

utils-merge@1.0.1:
  version "1.0.1"
  resolved "https://registry.nlark.com/utils-merge/download/utils-merge-1.0.1.tgz"

vary@~1.1.2:
  version "1.1.2"
  resolved "https://registry.npm.taobao.org/vary/download/vary-1.1.2.tgz"

warehouse@^4.0.0:
  version "4.0.0"
  resolved "https://registry.npm.taobao.org/warehouse/download/warehouse-4.0.0.tgz"
  dependencies:
    JSONStream "^1.0.7"
    bluebird "^3.2.2"
    cuid "^2.1.4"
    graceful-fs "^4.1.3"
    is-plain-object "^3.0.0"
    rfdc "^1.1.4"

which@^2.0.1:
  version "2.0.2"
  resolved "https://registry.nlark.com/which/download/which-2.0.2.tgz"
  dependencies:
    isexe "^2.0.0"

wrappy@1:
  version "1.0.2"
  resolved "https://registry.nlark.com/wrappy/download/wrappy-1.0.2.tgz"
